
Microsoft Visual Studio Solution File, Format Version 12.00
# Visual Studio 15
VisualStudioVersion = 15.0.28307.136
MinimumVisualStudioVersion = 10.0.40219.1
Project("{FAE04EC0-301F-11D3-BF4B-00C04F79EFBC}") = "flatten", "flatten\flatten.csproj", "{786C2F8B-01D7-4639-8FAB-2FD6F8DC12F9}"
EndProject
Global
	GlobalSection(SolutionConfigurationPlatforms) = preSolution
		Debug|Any CPU = Debug|Any CPU
		Release|Any CPU = Release|Any CPU
	EndGlobalSection
	GlobalSection(ProjectConfigurationPlatforms) = postSolution
		{786C2F8B-01D7-4639-8FAB-2FD6F8DC12F9}.Debug|Any CPU.ActiveCfg = Debug|Any CPU
		{786C2F8B-01D7-4639-8FAB-2FD6F8DC12F9}.Debug|Any CPU.Build.0 = Debug|Any CPU
		{786C2F8B-01D7-4639-8FAB-2FD6F8DC12F9}.Release|Any CPU.ActiveCfg = Release|Any CPU
		{786C2F8B-01D7-4639-8FAB-2FD6F8DC12F9}.Release|Any CPU.Build.0 = Release|Any CPU
	EndGlobalSection
	GlobalSection(SolutionProperties) = preSolution
		HideSolutionNode = FALSE
	EndGlobalSection
	GlobalSection(ExtensibilityGlobals) = postSolution
		SolutionGuid = {A75208F0-4BF4-431A-9A8C-9A6104EFDF3A}
	EndGlobalSection
EndGlobal
